
Microsoft Visual Studio Solution File, Format Version 12.00
# Visual Studio 15
VisualStudioVersion = 15.0.28307.852
MinimumVisualStudioVersion = 10.0.40219.1
Project("{159641D6-6404-4A2A-AE62-294DE0FE8301}") = "CreateHIDFIle", "HIDFile\sql\DMIS\CreateHIDFIle.dtproj", "{148BC0C8-95BE-466F-9F48-E452FDD6EBFF}"
EndProject
Project("{2150E333-8FDC-42A3-9474-1A3956D46DE8}") = "Solution Items", "Solution Items", "{73AC7471-BE1B-430C-8FFB-9CC96FE441EA}"
	ProjectSection(SolutionItems) = preProject
		HIDFile\ARMY_NCR_HID_UAT.txt = HIDFile\ARMY_NCR_HID_UAT.txt
	EndProjectSection
EndProject
Project("{2150E333-8FDC-42A3-9474-1A3956D46DE8}") = "Input", "Input", "{FFC9606D-9D65-4CD8-BB76-03572645C811}"
EndProject
Project("{2150E333-8FDC-42A3-9474-1A3956D46DE8}") = "Sql", "Sql", "{26FBA8C0-7106-41B6-88BE-694E467B0210}"
EndProject
Project("{2150E333-8FDC-42A3-9474-1A3956D46DE8}") = "DMIS", "DMIS", "{2F73B59C-0A35-4A60-BB1C-5BEE5FC26D73}"
EndProject
Project("{2150E333-8FDC-42A3-9474-1A3956D46DE8}") = "Section E", "Section E", "{9DF8804A-9AE3-47D6-BC0B-3DD19341336B}"
	ProjectSection(SolutionItems) = preProject
		HIDFile\sql\Section E\SectionECheck.sql = HIDFile\sql\Section E\SectionECheck.sql
	EndProjectSection
EndProject
Project("{2150E333-8FDC-42A3-9474-1A3956D46DE8}") = "2022", "2022", "{EDCFFDD6-BB2B-44D3-87CF-90C53513B907}"
EndProject
Project("{2150E333-8FDC-42A3-9474-1A3956D46DE8}") = "Output", "Output", "{6B2E16CE-FD8A-4992-B90B-371E76F1DD3F}"
EndProject
Project("{2150E333-8FDC-42A3-9474-1A3956D46DE8}") = "2022", "2022", "{31AE0789-271F-4AA4-AB63-02C34D66BDF1}"
EndProject
Project("{2150E333-8FDC-42A3-9474-1A3956D46DE8}") = "DRMSI", "DRMSI", "{48B2E8AD-E679-4E55-8CD3-3D6EED8BEFFF}"
EndProject
Project("{2150E333-8FDC-42A3-9474-1A3956D46DE8}") = "Upload", "Upload", "{31201178-C2D5-4542-A226-7F7107B1B808}"
EndProject
Project("{2150E333-8FDC-42A3-9474-1A3956D46DE8}") = "Section E", "Section E", "{31ED2E39-D489-4FA3-A15E-C5C5CCC56CC5}"
EndProject
Project("{2150E333-8FDC-42A3-9474-1A3956D46DE8}") = "Past Due Arrivals", "Past Due Arrivals", "{CB2B34EC-2993-4DF4-BFB4-ABA3A7F2EE91}"
EndProject
Project("{2150E333-8FDC-42A3-9474-1A3956D46DE8}") = "HID File", "HID File", "{5F65770B-B1F7-4B6A-8327-4FD608AB01BB}"
EndProject
Project("{2150E333-8FDC-42A3-9474-1A3956D46DE8}") = "2022", "2022", "{8E56090D-BEFA-4A14-AF51-2AE67505AA47}"
EndProject
Project("{2150E333-8FDC-42A3-9474-1A3956D46DE8}") = "Mar", "Mar", "{165F37C0-D17A-4DFD-B1C2-8F103926449F}"
EndProject
Project("{2150E333-8FDC-42A3-9474-1A3956D46DE8}") = "Feb", "Feb", "{C329A3AF-AA13-4EAE-964E-C98727C6FBDF}"
	ProjectSection(SolutionItems) = preProject
		HIDFile\Output\ALL_SVC_HID_2022_02_01.txt = HIDFile\Output\ALL_SVC_HID_2022_02_01.txt
	EndProjectSection
EndProject
Project("{2150E333-8FDC-42A3-9474-1A3956D46DE8}") = "Mar", "Mar", "{74FA9A3F-06CF-484C-8085-0FCB147F9D74}"
EndProject
Project("{2150E333-8FDC-42A3-9474-1A3956D46DE8}") = "2022", "2022", "{418C6029-78C6-4C8B-A701-2604D278E5CB}"
EndProject
Project("{2150E333-8FDC-42A3-9474-1A3956D46DE8}") = "Mar", "Mar", "{CFB5D367-09B8-48A3-9790-F95D747A8F3B}"
EndProject
Project("{2150E333-8FDC-42A3-9474-1A3956D46DE8}") = "Jan", "Jan", "{43F86C80-C8FC-40CB-8953-C2C25E773CDC}"
	ProjectSection(SolutionItems) = preProject
		HIDFile\Output\ALL_SVC_HID_2022_01_01.txt = HIDFile\Output\ALL_SVC_HID_2022_01_01.txt
	EndProjectSection
EndProject
Project("{2150E333-8FDC-42A3-9474-1A3956D46DE8}") = "Past Due Arrivals", "Past Due Arrivals", "{F9D0967B-32D2-4121-B035-F9D61810C951}"
	ProjectSection(SolutionItems) = preProject
		PastDueArrivalsCheck.sql = PastDueArrivalsCheck.sql
	EndProjectSection
EndProject
Project("{2150E333-8FDC-42A3-9474-1A3956D46DE8}") = "May", "May", "{F8640C45-DF27-42D8-92D4-52B03FC33EF6}"
	ProjectSection(SolutionItems) = preProject
		HIDFile\Output\ALL_SVC_HID_2022_05_01_OLD_1.txt = HIDFile\Output\ALL_SVC_HID_2022_05_01_OLD_1.txt
		HIDFile\Output\ALL_SVC_HID_2022_05_01_OLD.txt = HIDFile\Output\ALL_SVC_HID_2022_05_01_OLD.txt
	EndProjectSection
EndProject
Global
	GlobalSection(SolutionConfigurationPlatforms) = preSolution
		Development|Default = Development|Default
	EndGlobalSection
	GlobalSection(ProjectConfigurationPlatforms) = postSolution
		{148BC0C8-95BE-466F-9F48-E452FDD6EBFF}.Development|Default.ActiveCfg = Development
		{148BC0C8-95BE-466F-9F48-E452FDD6EBFF}.Development|Default.Build.0 = Development
	EndGlobalSection
	GlobalSection(SolutionProperties) = preSolution
		HideSolutionNode = FALSE
	EndGlobalSection
	GlobalSection(NestedProjects) = preSolution
		{FFC9606D-9D65-4CD8-BB76-03572645C811} = {73AC7471-BE1B-430C-8FFB-9CC96FE441EA}
		{26FBA8C0-7106-41B6-88BE-694E467B0210} = {73AC7471-BE1B-430C-8FFB-9CC96FE441EA}
		{2F73B59C-0A35-4A60-BB1C-5BEE5FC26D73} = {26FBA8C0-7106-41B6-88BE-694E467B0210}
		{9DF8804A-9AE3-47D6-BC0B-3DD19341336B} = {26FBA8C0-7106-41B6-88BE-694E467B0210}
		{EDCFFDD6-BB2B-44D3-87CF-90C53513B907} = {31201178-C2D5-4542-A226-7F7107B1B808}
		{6B2E16CE-FD8A-4992-B90B-371E76F1DD3F} = {73AC7471-BE1B-430C-8FFB-9CC96FE441EA}
		{31AE0789-271F-4AA4-AB63-02C34D66BDF1} = {5F65770B-B1F7-4B6A-8327-4FD608AB01BB}
		{48B2E8AD-E679-4E55-8CD3-3D6EED8BEFFF} = {FFC9606D-9D65-4CD8-BB76-03572645C811}
		{31201178-C2D5-4542-A226-7F7107B1B808} = {FFC9606D-9D65-4CD8-BB76-03572645C811}
		{31ED2E39-D489-4FA3-A15E-C5C5CCC56CC5} = {FFC9606D-9D65-4CD8-BB76-03572645C811}
		{CB2B34EC-2993-4DF4-BFB4-ABA3A7F2EE91} = {FFC9606D-9D65-4CD8-BB76-03572645C811}
		{5F65770B-B1F7-4B6A-8327-4FD608AB01BB} = {6B2E16CE-FD8A-4992-B90B-371E76F1DD3F}
		{8E56090D-BEFA-4A14-AF51-2AE67505AA47} = {CB2B34EC-2993-4DF4-BFB4-ABA3A7F2EE91}
		{165F37C0-D17A-4DFD-B1C2-8F103926449F} = {EDCFFDD6-BB2B-44D3-87CF-90C53513B907}
		{C329A3AF-AA13-4EAE-964E-C98727C6FBDF} = {31AE0789-271F-4AA4-AB63-02C34D66BDF1}
		{74FA9A3F-06CF-484C-8085-0FCB147F9D74} = {8E56090D-BEFA-4A14-AF51-2AE67505AA47}
		{418C6029-78C6-4C8B-A701-2604D278E5CB} = {31ED2E39-D489-4FA3-A15E-C5C5CCC56CC5}
		{CFB5D367-09B8-48A3-9790-F95D747A8F3B} = {418C6029-78C6-4C8B-A701-2604D278E5CB}
		{43F86C80-C8FC-40CB-8953-C2C25E773CDC} = {31AE0789-271F-4AA4-AB63-02C34D66BDF1}
		{F9D0967B-32D2-4121-B035-F9D61810C951} = {26FBA8C0-7106-41B6-88BE-694E467B0210}
		{F8640C45-DF27-42D8-92D4-52B03FC33EF6} = {31AE0789-271F-4AA4-AB63-02C34D66BDF1}
	EndGlobalSection
	GlobalSection(ExtensibilityGlobals) = postSolution
		SolutionGuid = {3CDB5907-70E6-410F-BA4E-B35A429E267D}
	EndGlobalSection
EndGlobal
